{
    "_readme": [
        "This file locks the dependencies of your project to a known state",
        "Read more about it at http://getcomposer.org/doc/01-basic-usage.md#composer-lock-the-lock-file"
    ],
    "hash": "68802bc047f50b10e6d7db8d626032e7",
    "packages": [
        {
            "name": "nikic/iter",
            "version": "dev-master",
            "source": {
                "type": "git",
                "url": "https://github.com/nikic/iter.git",
                "reference": "24a302dc526a292925b6522c76318d6cf19a3f2f"
            },
            "dist": {
                "type": "zip",
                "url": "https://api.github.com/repos/nikic/iter/zipball/24a302dc526a292925b6522c76318d6cf19a3f2f",
                "reference": "24a302dc526a292925b6522c76318d6cf19a3f2f",
                "shasum": ""
            },
            "require": {
                "php": ">=5.5.0"
            },
            "type": "library",
            "autoload": {
                "files": [
                    "src/bootstrap.php"
                ]
            },
            "notification-url": "https://packagist.org/downloads/",
            "license": [
                "BSD-3-Clause"
            ],
            "authors": [
                {
                    "name": "Nikita Popov",
                    "email": "nikic@php.net"
                }
            ],
            "description": "Iteration primitives using generators",
            "keywords": [
                "functional",
                "generator",
                "iterator"
            ],
            "time": "2014-02-05 20:18:56"
        }
    ],
    "packages-dev": [

    ],
    "aliases": [

    ],
    "minimum-stability": "stable",
    "stability-flags": {
        "nikic/iter": 20
    },
    "platform": [

    ],
    "platform-dev": [

    ]
}
